{
    "_readme": [
        "This file locks the dependencies of your project to a known state",
        "Read more about it at https://getcomposer.org/doc/01-basic-usage.md#installing-dependencies",
        "This file is @generated automatically"
    ],
    "content-hash": "b9262aa95242a577101b9c0dba6556d0",
    "packages": [
        {
            "name": "doctrine/annotations",
            "version": "v1.6.1",
            "source": {
                "type": "git",
                "url": "https://github.com/doctrine/annotations.git",
                "reference": "53120e0eb10355388d6ccbe462f1fea34ddadb24"
            },
            "dist": {
                "type": "zip",
                "url": "https://api.github.com/repos/doctrine/annotations/zipball/53120e0eb10355388d6ccbe462f1fea34ddadb24",
                "reference": "53120e0eb10355388d6ccbe462f1fea34ddadb24",
                "shasum": ""
            },
            "require": {
                "doctrine/lexer": "1.*",
                "php": "^7.1"
            },
            "require-dev": {
                "doctrine/cache": "1.*",
                "phpunit/phpunit": "^6.4"
            },
            "type": "library",
            "extra": {
                "branch-alias": {
                    "dev-master": "1.6.x-dev"
                }
            },
            "autoload": {
                "psr-4": {
                    "Doctrine\\Common\\Annotations\\": "lib/Doctrine/Common/Annotations"
                }
            },
            "notification-url": "https://packagist.org/downloads/",
            "license": [
                "MIT"
            ],
            "authors": [
                {
                    "name": "Roman Borschel",
                    "email": "roman@code-factory.org"
                },
                {
                    "name": "Benjamin Eberlei",
                    "email": "kontakt@beberlei.de"
                },
                {
                    "name": "Guilherme Blanco",
                    "email": "guilhermeblanco@gmail.com"
                },
                {
                    "name": "Jonathan Wage",
                    "email": "jonwage@gmail.com"
                },
                {
                    "name": "Johannes Schmitt",
                    "email": "schmittjoh@gmail.com"
                }
            ],
            "description": "Docblock Annotations Parser",
            "homepage": "http://www.doctrine-project.org",
            "keywords": [
                "annotations",
                "docblock",
                "parser"
            ],
            "time": "2019-03-25T19:12:02+00:00"
        },
        {
            "name": "doctrine/lexer",
            "version": "1.0.2",
            "source": {
                "type": "git",
                "url": "https://github.com/doctrine/lexer.git",
                "reference": "1febd6c3ef84253d7c815bed85fc622ad207a9f8"
            },
            "dist": {
                "type": "zip",
                "url": "https://api.github.com/repos/doctrine/lexer/zipball/1febd6c3ef84253d7c815bed85fc622ad207a9f8",
                "reference": "1febd6c3ef84253d7c815bed85fc622ad207a9f8",
                "shasum": ""
            },
            "require": {
                "php": ">=5.3.2"
            },
            "require-dev": {
                "phpunit/phpunit": "^4.5"
            },
            "type": "library",
            "extra": {
                "branch-alias": {
                    "dev-master": "1.0.x-dev"
                }
            },
            "autoload": {
                "psr-4": {
                    "Doctrine\\Common\\Lexer\\": "lib/Doctrine/Common/Lexer"
                }
            },
            "notification-url": "https://packagist.org/downloads/",
            "license": [
                "MIT"
            ],
            "authors": [
                {
                    "name": "Roman Borschel",
                    "email": "roman@code-factory.org"
                },
                {
                    "name": "Guilherme Blanco",
                    "email": "guilhermeblanco@gmail.com"
                },
                {
                    "name": "Johannes Schmitt",
                    "email": "schmittjoh@gmail.com"
                }
            ],
            "description": "PHP Doctrine Lexer parser library that can be used in Top-Down, Recursive Descent Parsers.",
            "homepage": "https://www.doctrine-project.org/projects/lexer.html",
            "keywords": [
                "annotations",
                "docblock",
                "lexer",
                "parser",
                "php"
            ],
            "time": "2019-06-08T11:03:04+00:00"
        },
        {
            "name": "koriym/dyii",
            "version": "dev-master",
            "source": {
                "type": "git",
                "url": "https://github.com/koriym/Ray.Dyii.git",
                "reference": "995228a00b00e2089b3db94ef39a8d4feacb3ad9"
            },
            "dist": {
                "type": "zip",
                "url": "https://api.github.com/repos/koriym/Ray.Dyii/zipball/995228a00b00e2089b3db94ef39a8d4feacb3ad9",
                "reference": "995228a00b00e2089b3db94ef39a8d4feacb3ad9",
                "shasum": ""
            },
            "require": {
                "php": ">=7.1.0",
                "ray/di": "^2.0",
                "yiisoft/yii": "1.1.*"
            },
            "require-dev": {
                "vimeo/psalm": "^3.4"
            },
            "type": "library",
            "autoload": {
                "psr-4": {
                    "Koriym\\Dii\\": [
                        "src/"
                    ]
                }
            },
            "autoload-dev": {
                "psr-4": {
                    "Ray\\Dyii\\Module\\": "demo/src/Module"
                },
                "classmap": [
                    "vendor/yiisoft/yii/framework/base/",
                    "vendor/yiisoft/yii/framework/web/"
                ]
            },
            "scripts": {
                "tests": [
                    "psalm --show-info=false",
                    "@cs"
                ],
                "cs": [
                    "php-cs-fixer fix -v --dry-run",
                    "phpcs --standard=./phpcs.xml src"
                ],
                "cs-fix": [
                    "php-cs-fixer fix -v",
                    "phpcbf src"
                ]
            },
            "license": [
                "MIT"
            ],
            "description": "Dependency Injection Plugin for Yii 1",
            "support": {
                "source": "https://github.com/koriym/Ray.Dyii/tree/master",
                "issues": "https://github.com/koriym/Ray.Dyii/issues"
            },
            "time": "2019-07-29T02:35:11+00:00"
        },
        {
            "name": "nikic/php-parser",
            "version": "v4.2.2",
            "source": {
                "type": "git",
                "url": "https://github.com/nikic/PHP-Parser.git",
                "reference": "1bd73cc04c3843ad8d6b0bfc0956026a151fc420"
            },
            "dist": {
                "type": "zip",
                "url": "https://api.github.com/repos/nikic/PHP-Parser/zipball/1bd73cc04c3843ad8d6b0bfc0956026a151fc420",
                "reference": "1bd73cc04c3843ad8d6b0bfc0956026a151fc420",
                "shasum": ""
            },
            "require": {
                "ext-tokenizer": "*",
                "php": ">=7.0"
            },
            "require-dev": {
                "phpunit/phpunit": "^6.5 || ^7.0"
            },
            "bin": [
                "bin/php-parse"
            ],
            "type": "library",
            "extra": {
                "branch-alias": {
                    "dev-master": "4.2-dev"
                }
            },
            "autoload": {
                "psr-4": {
                    "PhpParser\\": "lib/PhpParser"
                }
            },
            "notification-url": "https://packagist.org/downloads/",
            "license": [
                "BSD-3-Clause"
            ],
            "authors": [
                {
                    "name": "Nikita Popov"
                }
            ],
            "description": "A PHP parser written in PHP",
            "keywords": [
                "parser",
                "php"
            ],
            "time": "2019-05-25T20:07:01+00:00"
        },
        {
            "name": "ray/aop",
            "version": "2.8.5",
            "source": {
                "type": "git",
                "url": "https://github.com/ray-di/Ray.Aop.git",
                "reference": "967c61aa50518e0489142a730fb3d57f1b00c5f7"
            },
            "dist": {
                "type": "zip",
                "url": "https://api.github.com/repos/ray-di/Ray.Aop/zipball/967c61aa50518e0489142a730fb3d57f1b00c5f7",
                "reference": "967c61aa50518e0489142a730fb3d57f1b00c5f7",
                "shasum": ""
            },
            "require": {
                "doctrine/annotations": "^1.6",
                "nikic/php-parser": "^4.2",
                "php": ">=7.1.0"
            },
            "require-dev": {
                "phpunit/phpunit": "^7.5"
            },
            "suggest": {
                "ray/di": "A dependency injection framework"
            },
            "type": "library",
            "autoload": {
                "psr-4": {
                    "Ray\\Aop\\": [
                        "src/"
                    ]
                },
                "files": [
                    "annotation_loader.php"
                ]
            },
            "notification-url": "https://packagist.org/downloads/",
            "license": [
                "MIT"
            ],
            "authors": [
                {
                    "name": "Akihito Koriyama",
                    "email": "akihito.koriyama@gmail.com"
                }
            ],
            "description": "An aspect oriented framework",
            "keywords": [
                "aop"
            ],
            "time": "2019-07-27T01:43:24+00:00"
        },
        {
            "name": "ray/compiler",
            "version": "1.3.7",
            "source": {
                "type": "git",
                "url": "https://github.com/ray-di/Ray.Compiler.git",
                "reference": "8aebda1463f48f9e17b898e67904e6ecd4862d89"
            },
            "dist": {
                "type": "zip",
                "url": "https://api.github.com/repos/ray-di/Ray.Compiler/zipball/8aebda1463f48f9e17b898e67904e6ecd4862d89",
                "reference": "8aebda1463f48f9e17b898e67904e6ecd4862d89",
                "shasum": ""
            },
            "require": {
                "php": ">=7.1.0"
            },
            "require-dev": {
                "koriym/printo": "^1.0",
                "nikic/php-parser": "^4.0",
                "phpunit/phpunit": "^6.5",
                "ray/aop": "^2.8.1",
                "ray/di": "2.x-dev"
            },
            "type": "library",
            "autoload": {
                "psr-4": {
                    "Ray\\Compiler\\": "src/"
                }
            },
            "notification-url": "https://packagist.org/downloads/",
            "license": [
                "MIT"
            ],
            "description": "A dependency injection compiler for Ray.Di",
            "keywords": [
                "Ray.Di",
                "code-gen",
                "compiler"
            ],
            "time": "2019-06-15T17:07:57+00:00"
        },
        {
            "name": "ray/di",
            "version": "2.9.0",
            "source": {
                "type": "git",
                "url": "https://github.com/ray-di/Ray.Di.git",
                "reference": "a352fde042cf0b6700b65c1c711cee0e9f3d2eca"
            },
            "dist": {
                "type": "zip",
                "url": "https://api.github.com/repos/ray-di/Ray.Di/zipball/a352fde042cf0b6700b65c1c711cee0e9f3d2eca",
                "reference": "a352fde042cf0b6700b65c1c711cee0e9f3d2eca",
                "shasum": ""
            },
            "require": {
                "php": ">=7.1.0",
                "ray/aop": "^2.8.5",
                "ray/compiler": "1.x-dev|^1.3.6"
            },
            "require-dev": {
                "phpunit/phpunit": "^7.5"
            },
            "type": "library",
            "autoload": {
                "psr-4": {
                    "Ray\\Di\\": "src/"
                }
            },
            "notification-url": "https://packagist.org/downloads/",
            "license": [
                "MIT"
            ],
            "authors": [
                {
                    "name": "Akihito Koriyama",
                    "email": "akihito.koriyama@gmail.com"
                }
            ],
            "description": "Guice style annotation-driven dependency injection framework",
            "keywords": [
                "annotations",
                "aop",
                "di",
                "guice"
            ],
            "time": "2019-07-28T07:44:24+00:00"
        },
        {
            "name": "yiisoft/yii",
            "version": "1.1.21",
            "source": {
                "type": "git",
                "url": "https://github.com/yiisoft/yii.git",
                "reference": "733ac5856b0b72228346b5a6af10b0b9df18ad6c"
            },
            "dist": {
                "type": "zip",
                "url": "https://api.github.com/repos/yiisoft/yii/zipball/733ac5856b0b72228346b5a6af10b0b9df18ad6c",
                "reference": "733ac5856b0b72228346b5a6af10b0b9df18ad6c",
                "shasum": ""
            },
            "require": {
                "php": ">=5.1.0"
            },
            "require-dev": {
                "phing/phing": "2.*",
                "phpseclib/mcrypt_compat": "^1.0",
                "phpunit/phpunit": "~4.8.34",
                "phpunit/phpunit-selenium": "~1.4.0"
            },
            "suggest": {
                "ext-mcrypt": "Required by encrypt and decrypt methods of CSecurityManager",
                "phpseclib/mcrypt_compat": "To provide mcrypt polyfill when extension is unavailable"
            },
            "bin": [
                "framework/yiic"
            ],
            "type": "library",
            "autoload": {
                "classmap": [
                    "framework/YiiBase.php",
                    "framework/yii.php"
                ]
            },
            "notification-url": "https://packagist.org/downloads/",
            "license": [
                "BSD-3-Clause"
            ],
            "authors": [
                {
                    "name": "Qiang Xue",
                    "email": "qiang.xue@gmail.com",
                    "homepage": "http://www.yiiframework.com/",
                    "role": "Founder and project lead"
                },
                {
                    "name": "Alexander Makarov",
                    "email": "sam@rmcreative.ru",
                    "homepage": "http://rmcreative.ru/",
                    "role": "Core framework development"
                },
                {
                    "name": "Maurizio Domba",
                    "homepage": "http://mdomba.info/",
                    "role": "Core framework development"
                },
                {
                    "name": "Carsten Brandt",
                    "email": "mail@cebe.cc",
                    "homepage": "http://cebe.cc/",
                    "role": "Core framework development"
                },
                {
                    "name": "Wei Zhuo",
                    "email": "weizhuo@gmail.com",
                    "role": "Project site maintenance and development"
                },
                {
                    "name": "Sebastián Thierer",
                    "email": "sebas@artfos.com",
                    "role": "Component development"
                },
                {
                    "name": "Jeffrey Winesett",
                    "email": "jefftulsa@gmail.com",
                    "role": "Documentation and marketing"
                },
                {
                    "name": "Timur Ruziev",
                    "email": "resurtm@gmail.com",
                    "homepage": "http://resurtm.com/",
                    "role": "Core framework development"
                },
                {
                    "name": "Paul Klimov",
                    "email": "klimov.paul@gmail.com",
                    "role": "Core framework development"
                }
            ],
            "description": "Yii Web Programming Framework",
            "homepage": "http://www.yiiframework.com/",
            "keywords": [
                "framework",
                "yii"
            ],
            "time": "2019-04-02T07:32:41+00:00"
        }
    ],
    "packages-dev": [],
    "aliases": [],
    "minimum-stability": "dev",
    "stability-flags": {
        "koriym/dyii": 20
    },
    "prefer-stable": true,
    "prefer-lowest": false,
    "platform": {
        "php": ">=7.1.0"
    },
    "platform-dev": []
}
