{
    "_readme": [
        "This file locks the dependencies of your project to a known state",
        "Read more about it at https://getcomposer.org/doc/01-basic-usage.md#installing-dependencies",
        "This file is @generated automatically"
    ],
    "content-hash": "dd060237af869021adf263f6fcee5401",
    "packages": [
        {
            "name": "koriym/dii",
            "version": "dev-master",
            "source": {
                "type": "git",
                "url": "https://github.com/koriym/dii.git",
                "reference": "6cde86f5bd6d0f980c31e0de5fea56b11595b01e"
            },
            "dist": {
                "type": "zip",
                "url": "https://api.github.com/repos/koriym/dii/zipball/6cde86f5bd6d0f980c31e0de5fea56b11595b01e",
                "reference": "6cde86f5bd6d0f980c31e0de5fea56b11595b01e",
                "shasum": ""
            },
            "require": {
                "php": "^7.1 || ^8.0",
                "ray/di": "^2.10",
                "yiisoft/yii": "^1.1.16"
            },
            "require-dev": {
                "doctrine/coding-standard": "^8.2",
                "phpmd/phpmd": "^2.9",
                "phpunit/phpunit": "^8.5 || ^9.6.19",
                "squizlabs/php_codesniffer": "^3.5",
                "symfony/process": "^5.2"
            },
            "default-branch": true,
            "type": "library",
            "autoload": {
                "psr-4": {
                    "Koriym\\Dii\\": "src/"
                }
            },
            "notification-url": "https://packagist.org/downloads/",
            "license": [
                "MIT"
            ],
            "authors": [
                {
                    "name": "Akihito Koriyama",
                    "email": "akihito.koriyama@gmail.com"
                },
                {
                    "name": "Hiroshi Sambo",
                    "email": "sun3bow@gmail.com"
                },
                {
                    "name": "Seiji Amashige",
                    "email": "tenjuu99@gmail.com"
                }
            ],
            "description": "Dependency Injection Plugin for Yii 1",
            "support": {
                "issues": "https://github.com/koriym/dii/issues",
                "source": "https://github.com/koriym/dii/tree/0.5.0"
            },
            "time": "2024-06-09T00:30:51+00:00"
        },
        {
            "name": "koriym/null-object",
            "version": "1.0.4",
            "source": {
                "type": "git",
                "url": "https://github.com/koriym/Koriym.NullObject.git",
                "reference": "97687d240413a11f482c960391f50cdc4fe9b98b"
            },
            "dist": {
                "type": "zip",
                "url": "https://api.github.com/repos/koriym/Koriym.NullObject/zipball/97687d240413a11f482c960391f50cdc4fe9b98b",
                "reference": "97687d240413a11f482c960391f50cdc4fe9b98b",
                "shasum": ""
            },
            "require": {
                "php": "^7.2 || ^8.0"
            },
            "require-dev": {
                "bamarni/composer-bin-plugin": "^1.4",
                "doctrine/annotations": "^1.14 || ^2.0",
                "phpunit/phpunit": "^8.5.34 || ^9.6"
            },
            "type": "library",
            "extra": {
                "bamarni-bin": {
                    "bin-links": true,
                    "forward-command": true
                }
            },
            "autoload": {
                "files": [
                    "autoload.php"
                ],
                "psr-4": {
                    "Koriym\\NullObject\\": "src/"
                }
            },
            "notification-url": "https://packagist.org/downloads/",
            "license": [
                "MIT"
            ],
            "authors": [
                {
                    "name": "Akihito Koriyama",
                    "email": "akihito.koriyama@gmail.com"
                }
            ],
            "description": "Null object generator",
            "support": {
                "issues": "https://github.com/koriym/Koriym.NullObject/issues",
                "source": "https://github.com/koriym/Koriym.NullObject/tree/1.0.4"
            },
            "time": "2023-09-29T06:40:29+00:00"
        },
        {
            "name": "ray/aop",
            "version": "2.19.1",
            "source": {
                "type": "git",
                "url": "https://github.com/ray-di/Ray.Aop.git",
                "reference": "e93080580fdda3497c329fb438d72737c1f2b354"
            },
            "dist": {
                "type": "zip",
                "url": "https://api.github.com/repos/ray-di/Ray.Aop/zipball/e93080580fdda3497c329fb438d72737c1f2b354",
                "reference": "e93080580fdda3497c329fb438d72737c1f2b354",
                "shasum": ""
            },
            "require": {
                "ext-tokenizer": "*",
                "php": "^8.2"
            },
            "require-dev": {
                "bamarni/composer-bin-plugin": "^1.4.1",
                "infection/infection": "^0.31.9",
                "phpunit/phpunit": "^10.5.0",
                "symfony/string": "^7.2"
            },
            "suggest": {
                "ray/di": "A dependency injection framework"
            },
            "type": "library",
            "extra": {
                "bamarni-bin": {
                    "bin-links": true,
                    "forward-command": true
                }
            },
            "autoload": {
                "psr-4": {
                    "Ray\\Aop\\": [
                        "src/",
                        "src-deprecated/"
                    ],
                    "Ray\\ServiceLocator\\": "src-deprecated/"
                }
            },
            "notification-url": "https://packagist.org/downloads/",
            "license": [
                "MIT"
            ],
            "authors": [
                {
                    "name": "Akihito Koriyama",
                    "email": "akihito.koriyama@gmail.com"
                }
            ],
            "description": "An aspect oriented framework",
            "keywords": [
                "aop"
            ],
            "support": {
                "issues": "https://github.com/ray-di/Ray.Aop/issues",
                "source": "https://github.com/ray-di/Ray.Aop/tree/2.19.1"
            },
            "funding": [
                {
                    "url": "https://github.com/koriym",
                    "type": "github"
                },
                {
                    "url": "https://tidelift.com/funding/github/packagist/ray/aop",
                    "type": "tidelift"
                }
            ],
            "time": "2026-01-24T03:12:32+00:00"
        },
        {
            "name": "ray/di",
            "version": "2.20.0",
            "source": {
                "type": "git",
                "url": "https://github.com/ray-di/Ray.Di.git",
                "reference": "2a03a153559fbdd94544e1741a25972fc2c9947a"
            },
            "dist": {
                "type": "zip",
                "url": "https://api.github.com/repos/ray-di/Ray.Di/zipball/2a03a153559fbdd94544e1741a25972fc2c9947a",
                "reference": "2a03a153559fbdd94544e1741a25972fc2c9947a",
                "shasum": ""
            },
            "require": {
                "koriym/null-object": "^1.0",
                "php": "^8.2",
                "ray/aop": "^2.19"
            },
            "require-dev": {
                "bamarni/composer-bin-plugin": "^1.4",
                "ext-pdo": "*",
                "infection/infection": "*",
                "phpunit/phpunit": "^9.6.31"
            },
            "suggest": {
                "ray/compiler": "For compiling dependency injection container to improve performance"
            },
            "type": "library",
            "extra": {
                "bamarni-bin": {
                    "bin-links": true,
                    "forward-command": true
                }
            },
            "autoload": {
                "psr-4": {
                    "Ray\\Di\\": [
                        "src/di",
                        "src-deprecated/di"
                    ]
                }
            },
            "notification-url": "https://packagist.org/downloads/",
            "license": [
                "MIT"
            ],
            "authors": [
                {
                    "name": "Akihito Koriyama",
                    "email": "akihito.koriyama@gmail.com"
                }
            ],
            "description": "Guice style dependency injection framework",
            "keywords": [
                "aop",
                "di"
            ],
            "support": {
                "issues": "https://github.com/ray-di/Ray.Di/issues",
                "source": "https://github.com/ray-di/Ray.Di/tree/2.20.0"
            },
            "time": "2025-12-24T13:12:28+00:00"
        },
        {
            "name": "yiisoft/yii",
            "version": "1.1.32",
            "source": {
                "type": "git",
                "url": "https://github.com/yiisoft/yii.git",
                "reference": "e7728e20dd6901f449a6e7392037c37b029288e4"
            },
            "dist": {
                "type": "zip",
                "url": "https://api.github.com/repos/yiisoft/yii/zipball/e7728e20dd6901f449a6e7392037c37b029288e4",
                "reference": "e7728e20dd6901f449a6e7392037c37b029288e4",
                "shasum": ""
            },
            "require": {
                "php": ">=5.1.0"
            },
            "require-dev": {
                "cweagans/composer-patches": "^1.7",
                "pear/archive_tar": "~1.5.0",
                "phing/phing": "2.*",
                "phpseclib/mcrypt_compat": "^1.0",
                "phpunit/phpunit": "4.8.34",
                "phpunit/phpunit-selenium": "~1.4.0"
            },
            "suggest": {
                "ext-mcrypt": "Required by encrypt and decrypt methods of CSecurityManager",
                "phpseclib/mcrypt_compat": "To provide mcrypt polyfill when extension is unavailable"
            },
            "bin": [
                "framework/yiic"
            ],
            "type": "library",
            "extra": {
                "patches": {
                    "phpunit/phpunit": {
                        "Fix PHP 7 compatibility": "https://yiisoft.github.io/phpunit-patches/phpunit_php7.patch",
                        "Fix PHP 8 compatibility": "https://yiisoft.github.io/phpunit-patches/phpunit_php8.patch",
                        "Fix PHP 8.1 compatibility": "https://yiisoft.github.io/phpunit-patches/phpunit_php81.patch",
                        "Fix PHP 8.3 compatibility": "https://yiisoft.github.io/phpunit-patches/phpunit_php83.patch"
                    },
                    "phpunit/php-file-iterator": {
                        "Fix PHP 8.1 compatibility": "https://yiisoft.github.io/phpunit-patches/phpunit_path_file_iterator.patch"
                    },
                    "phpunit/phpunit-mock-objects": {
                        "Fix PHP 7 and 8 compatibility": "https://yiisoft.github.io/phpunit-patches/phpunit_mock_objects.patch"
                    }
                },
                "branch-alias": {
                    "dev-master": "1.1.x-dev"
                },
                "composer-exit-on-patch-failure": true
            },
            "autoload": {
                "classmap": [
                    "framework/YiiBase.php",
                    "framework/yii.php"
                ]
            },
            "notification-url": "https://packagist.org/downloads/",
            "license": [
                "BSD-3-Clause"
            ],
            "authors": [
                {
                    "name": "Qiang Xue",
                    "email": "qiang.xue@gmail.com",
                    "homepage": "https://www.yiiframework.com/",
                    "role": "Founder and project lead"
                },
                {
                    "name": "Alexander Makarov",
                    "email": "sam@rmcreative.ru",
                    "homepage": "https://rmcreative.ru/",
                    "role": "Core framework development"
                },
                {
                    "name": "Maurizio Domba",
                    "homepage": "http://mdomba.info/",
                    "role": "Core framework development"
                },
                {
                    "name": "Carsten Brandt",
                    "email": "mail@cebe.cc",
                    "homepage": "https://cebe.cc/",
                    "role": "Core framework development"
                },
                {
                    "name": "Timur Ruziev",
                    "email": "resurtm@gmail.com",
                    "homepage": "http://resurtm.com/",
                    "role": "Core framework development"
                },
                {
                    "name": "Paul Klimov",
                    "email": "klimov.paul@gmail.com",
                    "role": "Core framework development"
                },
                {
                    "name": "Wei Zhuo",
                    "email": "weizhuo@gmail.com",
                    "role": "Project site maintenance and development"
                },
                {
                    "name": "Sebastián Thierer",
                    "email": "sebas@artfos.com",
                    "role": "Component development"
                },
                {
                    "name": "Jeffrey Winesett",
                    "email": "jefftulsa@gmail.com",
                    "role": "Documentation and marketing"
                }
            ],
            "description": "Yii Web Programming Framework",
            "homepage": "https://www.yiiframework.com/",
            "keywords": [
                "framework",
                "yii"
            ],
            "support": {
                "forum": "https://www.yiiframework.com/forum/",
                "irc": "ircs://irc.libera.chat:6697/yii",
                "issues": "https://github.com/yiisoft/yii/issues?state=open",
                "source": "https://github.com/yiisoft/yii",
                "wiki": "https://www.yiiframework.com/wiki/"
            },
            "funding": [
                {
                    "url": "https://github.com/yiisoft",
                    "type": "github"
                },
                {
                    "url": "https://opencollective.com/yiisoft",
                    "type": "open_collective"
                },
                {
                    "url": "https://tidelift.com/funding/github/packagist/yiisoft/yii",
                    "type": "tidelift"
                }
            ],
            "time": "2025-12-23T09:54:33+00:00"
        }
    ],
    "packages-dev": [],
    "aliases": [],
    "minimum-stability": "dev",
    "stability-flags": {
        "koriym/dii": 20
    },
    "prefer-stable": true,
    "prefer-lowest": false,
    "platform": {
        "php": ">=7.1.0"
    },
    "platform-dev": {},
    "plugin-api-version": "2.9.0"
}
